
Microsoft Visual Studio Solution File, Format Version 12.00
# Visual Studio Version 16
VisualStudioVersion = 16.0.29709.97
MinimumVisualStudioVersion = 10.0.40219.1
Project("{FAE04EC0-301F-11D3-BF4B-00C04F79EFBC}") = "PR01-1", "PR01-1.csproj", "{F3628D8A-09B6-4F6D-80F8-E8DAEB1AE21C}"
EndProject
Global
	GlobalSection(SolutionConfigurationPlatforms) = preSolution
		Debug|Any CPU = Debug|Any CPU
		Release|Any CPU = Release|Any CPU
	EndGlobalSection
	GlobalSection(ProjectConfigurationPlatforms) = postSolution
		{F3628D8A-09B6-4F6D-80F8-E8DAEB1AE21C}.Debug|Any CPU.ActiveCfg = Debug|Any CPU
		{F3628D8A-09B6-4F6D-80F8-E8DAEB1AE21C}.Debug|Any CPU.Build.0 = Debug|Any CPU
		{F3628D8A-09B6-4F6D-80F8-E8DAEB1AE21C}.Release|Any CPU.ActiveCfg = Release|Any CPU
		{F3628D8A-09B6-4F6D-80F8-E8DAEB1AE21C}.Release|Any CPU.Build.0 = Release|Any CPU
	EndGlobalSection
	GlobalSection(SolutionProperties) = preSolution
		HideSolutionNode = FALSE
	EndGlobalSection
	GlobalSection(ExtensibilityGlobals) = postSolution
		SolutionGuid = {E162DEF0-054F-48C8-8116-2965DEFB249C}
	EndGlobalSection
EndGlobal
